
Microsoft Visual Studio Solution File, Format Version 12.00
# Visual Studio Version 17
VisualStudioVersion = 17.0.31903.59
MinimumVisualStudioVersion = 10.0.40219.1
Project("{FAE04EC0-301F-11D3-BF4B-00C04F79EFBC}") = "ClassVsStruct", "ClassVsStruct\ClassVsStruct.csproj", "{A2DC65EF-7FE0-443C-AE7D-BF86DCF34C76}"
EndProject
Project("{FAE04EC0-301F-11D3-BF4B-00C04F79EFBC}") = "StructWithRef", "StructWithRef\StructWithRef.csproj", "{70E189D5-BAFE-44BF-B214-48257F2FEB92}"
EndProject
Project("{FAE04EC0-301F-11D3-BF4B-00C04F79EFBC}") = "MiniGame", "MiniGame\MiniGame.csproj", "{C7FF50B6-452C-4FFF-8B81-55E7777D1F6D}"
EndProject
Project("{FAE04EC0-301F-11D3-BF4B-00C04F79EFBC}") = "Polimorfismo", "Polimorfismo\Polimorfismo.csproj", "{042A4B61-5218-4F12-9939-A5062C8B2E25}"
EndProject
Project("{FAE04EC0-301F-11D3-BF4B-00C04F79EFBC}") = "GameUnit", "GameUnit\GameUnit.csproj", "{76A8B589-A9A9-46F1-9784-44E649BA9314}"
EndProject
Global
	GlobalSection(SolutionConfigurationPlatforms) = preSolution
		Debug|Any CPU = Debug|Any CPU
		Release|Any CPU = Release|Any CPU
	EndGlobalSection
	GlobalSection(SolutionProperties) = preSolution
		HideSolutionNode = FALSE
	EndGlobalSection
	GlobalSection(ProjectConfigurationPlatforms) = postSolution
		{A2DC65EF-7FE0-443C-AE7D-BF86DCF34C76}.Debug|Any CPU.ActiveCfg = Debug|Any CPU
		{A2DC65EF-7FE0-443C-AE7D-BF86DCF34C76}.Debug|Any CPU.Build.0 = Debug|Any CPU
		{A2DC65EF-7FE0-443C-AE7D-BF86DCF34C76}.Release|Any CPU.ActiveCfg = Release|Any CPU
		{A2DC65EF-7FE0-443C-AE7D-BF86DCF34C76}.Release|Any CPU.Build.0 = Release|Any CPU
		{70E189D5-BAFE-44BF-B214-48257F2FEB92}.Debug|Any CPU.ActiveCfg = Debug|Any CPU
		{70E189D5-BAFE-44BF-B214-48257F2FEB92}.Debug|Any CPU.Build.0 = Debug|Any CPU
		{70E189D5-BAFE-44BF-B214-48257F2FEB92}.Release|Any CPU.ActiveCfg = Release|Any CPU
		{70E189D5-BAFE-44BF-B214-48257F2FEB92}.Release|Any CPU.Build.0 = Release|Any CPU
		{C7FF50B6-452C-4FFF-8B81-55E7777D1F6D}.Debug|Any CPU.ActiveCfg = Debug|Any CPU
		{C7FF50B6-452C-4FFF-8B81-55E7777D1F6D}.Debug|Any CPU.Build.0 = Debug|Any CPU
		{C7FF50B6-452C-4FFF-8B81-55E7777D1F6D}.Release|Any CPU.ActiveCfg = Release|Any CPU
		{C7FF50B6-452C-4FFF-8B81-55E7777D1F6D}.Release|Any CPU.Build.0 = Release|Any CPU
		{042A4B61-5218-4F12-9939-A5062C8B2E25}.Debug|Any CPU.ActiveCfg = Debug|Any CPU
		{042A4B61-5218-4F12-9939-A5062C8B2E25}.Debug|Any CPU.Build.0 = Debug|Any CPU
		{042A4B61-5218-4F12-9939-A5062C8B2E25}.Release|Any CPU.ActiveCfg = Release|Any CPU
		{042A4B61-5218-4F12-9939-A5062C8B2E25}.Release|Any CPU.Build.0 = Release|Any CPU
		{76A8B589-A9A9-46F1-9784-44E649BA9314}.Debug|Any CPU.ActiveCfg = Debug|Any CPU
		{76A8B589-A9A9-46F1-9784-44E649BA9314}.Debug|Any CPU.Build.0 = Debug|Any CPU
		{76A8B589-A9A9-46F1-9784-44E649BA9314}.Release|Any CPU.ActiveCfg = Release|Any CPU
		{76A8B589-A9A9-46F1-9784-44E649BA9314}.Release|Any CPU.Build.0 = Release|Any CPU
	EndGlobalSection
EndGlobal
